
Microsoft Visual Studio Solution File, Format Version 12.00
# Visual Studio 15
VisualStudioVersion = 15.0.28307.1259
MinimumVisualStudioVersion = 10.0.40219.1
Project("{FAE04EC0-301F-11D3-BF4B-00C04F79EFBC}") = "Net_test_jiemian1", "Net_test_jiemian1\Net_test_jiemian1.csproj", "{532E6CE3-FE31-4DDB-BA51-8807661F6F31}"
EndProject
Project("{FAE04EC0-301F-11D3-BF4B-00C04F79EFBC}") = "NLECloudSDKTest", "..\..\CSharp-SDK-master\NLECloudSDKTest\NLECloudSDKTest.csproj", "{3D48D431-FB28-4B04-BF4C-8857085C8E54}"
EndProject
Global
	GlobalSection(SolutionConfigurationPlatforms) = preSolution
		Debug|Any CPU = Debug|Any CPU
		Release|Any CPU = Release|Any CPU
	EndGlobalSection
	GlobalSection(ProjectConfigurationPlatforms) = postSolution
		{532E6CE3-FE31-4DDB-BA51-8807661F6F31}.Debug|Any CPU.ActiveCfg = Debug|Any CPU
		{532E6CE3-FE31-4DDB-BA51-8807661F6F31}.Debug|Any CPU.Build.0 = Debug|Any CPU
		{532E6CE3-FE31-4DDB-BA51-8807661F6F31}.Release|Any CPU.ActiveCfg = Release|Any CPU
		{532E6CE3-FE31-4DDB-BA51-8807661F6F31}.Release|Any CPU.Build.0 = Release|Any CPU
		{3D48D431-FB28-4B04-BF4C-8857085C8E54}.Debug|Any CPU.ActiveCfg = Debug|Any CPU
		{3D48D431-FB28-4B04-BF4C-8857085C8E54}.Debug|Any CPU.Build.0 = Debug|Any CPU
		{3D48D431-FB28-4B04-BF4C-8857085C8E54}.Release|Any CPU.ActiveCfg = Release|Any CPU
		{3D48D431-FB28-4B04-BF4C-8857085C8E54}.Release|Any CPU.Build.0 = Release|Any CPU
	EndGlobalSection
	GlobalSection(SolutionProperties) = preSolution
		HideSolutionNode = FALSE
	EndGlobalSection
	GlobalSection(ExtensibilityGlobals) = postSolution
		SolutionGuid = {0C53FDA8-29F9-4BAA-8C66-21A3F0EF586D}
	EndGlobalSection
EndGlobal
